
Microsoft Visual Studio Solution File, Format Version 12.00
# Visual Studio 14
VisualStudioVersion = 14.0.25420.1
MinimumVisualStudioVersion = 10.0.40219.1
Project("{8BB2217D-0F2D-49D1-97BC-3654ED321F3B}") = "Built2GSD", "Built2GSD\Built2GSD.xproj", "{E730FDD0-F8C3-4C45-BF50-B9EDDD5E80BC}"
EndProject
Global
	GlobalSection(SolutionConfigurationPlatforms) = preSolution
		Debug|Any CPU = Debug|Any CPU
		Release|Any CPU = Release|Any CPU
	EndGlobalSection
	GlobalSection(ProjectConfigurationPlatforms) = postSolution
		{E730FDD0-F8C3-4C45-BF50-B9EDDD5E80BC}.Debug|Any CPU.ActiveCfg = Debug|Any CPU
		{E730FDD0-F8C3-4C45-BF50-B9EDDD5E80BC}.Debug|Any CPU.Build.0 = Debug|Any CPU
		{E730FDD0-F8C3-4C45-BF50-B9EDDD5E80BC}.Release|Any CPU.ActiveCfg = Release|Any CPU
		{E730FDD0-F8C3-4C45-BF50-B9EDDD5E80BC}.Release|Any CPU.Build.0 = Release|Any CPU
	EndGlobalSection
	GlobalSection(SolutionProperties) = preSolution
		HideSolutionNode = FALSE
	EndGlobalSection
EndGlobal
